
Microsoft Visual Studio Solution File, Format Version 12.00
# Visual Studio Version 17
VisualStudioVersion = 17.5.33627.172
MinimumVisualStudioVersion = 10.0.40219.1
Project("{FAE04EC0-301F-11D3-BF4B-00C04F79EFBC}") = "homeworks6", "homeworks6\homeworks6.csproj", "{187959FF-AB90-4F45-9E81-E57DAB1B1597}"
EndProject
Global
	GlobalSection(SolutionConfigurationPlatforms) = preSolution
		Debug|Any CPU = Debug|Any CPU
		Release|Any CPU = Release|Any CPU
	EndGlobalSection
	GlobalSection(ProjectConfigurationPlatforms) = postSolution
		{187959FF-AB90-4F45-9E81-E57DAB1B1597}.Debug|Any CPU.ActiveCfg = Debug|Any CPU
		{187959FF-AB90-4F45-9E81-E57DAB1B1597}.Debug|Any CPU.Build.0 = Debug|Any CPU
		{187959FF-AB90-4F45-9E81-E57DAB1B1597}.Release|Any CPU.ActiveCfg = Release|Any CPU
		{187959FF-AB90-4F45-9E81-E57DAB1B1597}.Release|Any CPU.Build.0 = Release|Any CPU
	EndGlobalSection
	GlobalSection(SolutionProperties) = preSolution
		HideSolutionNode = FALSE
	EndGlobalSection
	GlobalSection(ExtensibilityGlobals) = postSolution
		SolutionGuid = {47DF502C-9A23-4129-A08A-479D4A1192FE}
	EndGlobalSection
EndGlobal
